<?xml version="1.0" encoding="utf-8"?>
<Project ToolsVersion="4.0" xmlns="http://schemas.microsoft.com/developer/msbuild/2003">
  <ItemGroup>
    <Filter Include="Source Files">
      <UniqueIdentifier>{4FC737F1-C7A5-4376-A066-2A32D752A2FF}</UniqueIdentifier>
      <Extensions>cpp;c;cc;cxx;c++;cppm;ixx;def;odl;idl;hpj;bat;asm;asmx</Extensions>
    </Filter>
    <Filter Include="Utils">
      <UniqueIdentifier>{3a27e938-8684-4cce-9d9b-0ff2ee97ab3a}</UniqueIdentifier>
    </Filter>
    <Filter Include="DataTypes">
      <UniqueIdentifier>{c997c762-336a-4031-a74c-253a3f1eaf8e}</UniqueIdentifier>
    </Filter>
    <Filter Include="Engine">
      <UniqueIdentifier>{ac6196b5-e229-4146-aa2a-8214ae3e0322}</UniqueIdentifier>
    </Filter>
    <Filter Include="ImGui">
      <UniqueIdentifier>{10122943-51ff-48e5-86a0-8c6e05b55233}</UniqueIdentifier>
    </Filter>
    <Filter Include="ImGui\Backends">
      <UniqueIdentifier>{2586ffb5-fbc9-4746-9b72-a80ccf33bedf}</UniqueIdentifier>
    </Filter>
    <Filter Include="DataTypes\Materials">
      <UniqueIdentifier>{d0104ec1-9ca2-40e5-bcb4-9c5c20e25661}</UniqueIdentifier>
    </Filter>
    <Filter Include="Vulkan">
      <UniqueIdentifier>{b0372c84-5682-47e9-b1a5-765fd75797de}</UniqueIdentifier>
    </Filter>
    <Filter Include="Includes">
      <UniqueIdentifier>{4aeb2f0b-2e4c-484a-a934-3ab2e74b9015}</UniqueIdentifier>
    </Filter>
    <Filter Include="Resource Files">
      <UniqueIdentifier>{67DA6AB6-F800-4c08-8B7A-83BB121AAD01}</UniqueIdentifier>
      <Extensions>rc;ico;cur;bmp;dlg;rc2;rct;bin;rgs;gif;jpg;jpeg;jpe;resx;tiff;tif;png;wav;mfcribbon-ms</Extensions>
    </Filter>
    <Filter Include="Vulkan\Wrappers">
      <UniqueIdentifier>{45f80921-179a-4057-9e52-7dbfb2c7c0cc}</UniqueIdentifier>
    </Filter>
    <Filter Include="Vulkan\Managers">
      <UniqueIdentifier>{88998c34-3eed-4f5a-a373-22e7f0eada43}</UniqueIdentifier>
    </Filter>
  </ItemGroup>
  <ItemGroup>
    <ClCompile Include="main.cpp">
      <Filter>Source Files</Filter>
    </ClCompile>
    <ClCompile Include="Utils.cpp">
      <Filter>Utils</Filter>
    </ClCompile>
    <ClCompile Include="D3DEngine.cpp">
      <Filter>Engine</Filter>
    </ClCompile>
    <ClCompile Include="Model.cpp">
      <Filter>DataTypes</Filter>
    </ClCompile>
    <ClCompile Include="TimeManager.cpp">
      <Filter>Engine</Filter>
    </ClCompile>
    <ClCompile Include="..\3rdParty\Imgui\backends\imgui_impl_glfw.cpp">
      <Filter>ImGui\Backends</Filter>
    </ClCompile>
    <ClCompile Include="..\3rdParty\Imgui\backends\imgui_impl_vulkan.cpp">
      <Filter>ImGui\Backends</Filter>
    </ClCompile>
    <ClCompile Include="..\3rdParty\Imgui\imgui.cpp">
      <Filter>ImGui</Filter>
    </ClCompile>
    <ClCompile Include="..\3rdParty\Imgui\imgui_demo.cpp">
      <Filter>ImGui</Filter>
    </ClCompile>
    <ClCompile Include="..\3rdParty\Imgui\imgui_draw.cpp">
      <Filter>ImGui</Filter>
    </ClCompile>
    <ClCompile Include="..\3rdParty\Imgui\imgui_tables.cpp">
      <Filter>ImGui</Filter>
    </ClCompile>
    <ClCompile Include="..\3rdParty\Imgui\imgui_widgets.cpp">
      <Filter>ImGui</Filter>
    </ClCompile>
    <ClCompile Include="TexturedMaterial.cpp">
      <Filter>DataTypes\Materials</Filter>
    </ClCompile>
    <ClCompile Include="Material.cpp">
      <Filter>DataTypes\Materials</Filter>
    </ClCompile>
    <ClCompile Include="GLFWIncludes.h">
      <Filter>Includes</Filter>
    </ClCompile>
    <ClCompile Include="STBIncludes.h">
      <Filter>Includes</Filter>
    </ClCompile>
    <ClCompile Include="STBIncludes.cpp">
      <Filter>Includes</Filter>
    </ClCompile>
    <ClCompile Include="TinyObjLoaderIncludes.cpp">
      <Filter>Includes</Filter>
    </ClCompile>
    <ClCompile Include="DescriptorPoolWrapper.cpp">
      <Filter>Vulkan\Wrappers</Filter>
    </ClCompile>
    <ClCompile Include="ImGuiWrapper.cpp">
      <Filter>Vulkan\Wrappers</Filter>
    </ClCompile>
    <ClCompile Include="DescriptorPoolManager.cpp">
      <Filter>Vulkan\Managers</Filter>
    </ClCompile>
    <ClCompile Include="PipelineManager.cpp">
      <Filter>Vulkan\Managers</Filter>
    </ClCompile>
    <ClCompile Include="InstanceWrapper.cpp">
      <Filter>Vulkan\Wrappers</Filter>
    </ClCompile>
    <ClCompile Include="ImageManager.cpp">
      <Filter>Vulkan\Managers</Filter>
    </ClCompile>
    <ClCompile Include="CommandpoolManager.cpp">
      <Filter>Vulkan\Managers</Filter>
    </ClCompile>
    <ClCompile Include="VulkanRenderer3D.cpp">
      <Filter>Vulkan</Filter>
    </ClCompile>
    <ClCompile Include="RenderpassWrapper.cpp">
      <Filter>Vulkan\Wrappers</Filter>
    </ClCompile>
    <ClCompile Include="SwapchainWrapper.cpp">
      <Filter>Vulkan\Wrappers</Filter>
    </ClCompile>
    <ClCompile Include="ImageViewManager.cpp">
      <Filter>Vulkan\Managers</Filter>
    </ClCompile>
    <ClCompile Include="SyncObjectManager.cpp">
      <Filter>Vulkan\Managers</Filter>
    </ClCompile>
    <ClCompile Include="DirectionalLightObject.cpp">
      <Filter>DataTypes</Filter>
    </ClCompile>
    <ClCompile Include="VulkanUtils.cpp">
      <Filter>Vulkan</Filter>
    </ClCompile>
    <ClCompile Include="Window.cpp">
      <Filter>Engine</Filter>
    </ClCompile>
    <ClCompile Include="Camera.cpp">
      <Filter>DataTypes</Filter>
    </ClCompile>
    <ClCompile Include="CubeMapMaterial.cpp">
      <Filter>DataTypes\Materials</Filter>
    </ClCompile>
    <ClCompile Include="SkyBox.cpp">
      <Filter>DataTypes</Filter>
    </ClCompile>
    <ClCompile Include="GPUObject.cpp">
      <Filter>Vulkan\Wrappers</Filter>
    </ClCompile>
    <ClCompile Include="BufferManager.cpp">
      <Filter>Vulkan\Wrappers</Filter>
    </ClCompile>
  </ItemGroup>
  <ItemGroup>
    <ClInclude Include="Utils.h">
      <Filter>Utils</Filter>
    </ClInclude>
    <ClInclude Include="Structs.h">
      <Filter>DataTypes</Filter>
    </ClInclude>
    <ClInclude Include="D3DEngine.h">
      <Filter>Engine</Filter>
    </ClInclude>
    <ClInclude Include="Model.h">
      <Filter>DataTypes</Filter>
    </ClInclude>
    <ClInclude Include="Singleton.h">
      <Filter>Engine</Filter>
    </ClInclude>
    <ClInclude Include="TimeManager.h">
      <Filter>Engine</Filter>
    </ClInclude>
    <ClInclude Include="..\3rdParty\Imgui\backends\imgui_impl_glfw.h">
      <Filter>ImGui\Backends</Filter>
    </ClInclude>
    <ClInclude Include="..\3rdParty\Imgui\backends\imgui_impl_vulkan.h">
      <Filter>ImGui\Backends</Filter>
    </ClInclude>
    <ClInclude Include="..\3rdParty\Imgui\imconfig.h">
      <Filter>ImGui</Filter>
    </ClInclude>
    <ClInclude Include="..\3rdParty\Imgui\imgui.h">
      <Filter>ImGui</Filter>
    </ClInclude>
    <ClInclude Include="..\3rdParty\Imgui\imgui_internal.h">
      <Filter>ImGui</Filter>
    </ClInclude>
    <ClInclude Include="..\3rdParty\Imgui\imstb_rectpack.h">
      <Filter>ImGui</Filter>
    </ClInclude>
    <ClInclude Include="..\3rdParty\Imgui\imstb_textedit.h">
      <Filter>ImGui</Filter>
    </ClInclude>
    <ClInclude Include="..\3rdParty\Imgui\imstb_truetype.h">
      <Filter>ImGui</Filter>
    </ClInclude>
    <ClInclude Include="TexturedMaterial.h">
      <Filter>DataTypes\Materials</Filter>
    </ClInclude>
    <ClInclude Include="Material.h">
      <Filter>DataTypes\Materials</Filter>
    </ClInclude>
    <ClInclude Include="GLMIncludes.h">
      <Filter>Includes</Filter>
    </ClInclude>
    <ClInclude Include="TinyObjLoaderIncludes.h">
      <Filter>Includes</Filter>
    </ClInclude>
    <ClInclude Include="ImGuiIncludes.h">
      <Filter>Includes</Filter>
    </ClInclude>
    <ClInclude Include="DescriptorPoolWrapper.h">
      <Filter>Vulkan\Wrappers</Filter>
    </ClInclude>
    <ClInclude Include="ImGuiWrapper.h">
      <Filter>Vulkan\Wrappers</Filter>
    </ClInclude>
    <ClInclude Include="DescriptorPoolManager.h">
      <Filter>Vulkan\Managers</Filter>
    </ClInclude>
    <ClInclude Include="PipelineManager.h">
      <Filter>Vulkan\Managers</Filter>
    </ClInclude>
    <ClInclude Include="InstanceWrapper.h">
      <Filter>Vulkan\Wrappers</Filter>
    </ClInclude>
    <ClInclude Include="ImageManager.h">
      <Filter>Vulkan\Managers</Filter>
    </ClInclude>
    <ClInclude Include="CommandpoolManager.h">
      <Filter>Vulkan\Managers</Filter>
    </ClInclude>
    <ClInclude Include="VulkanRenderer3D.h">
      <Filter>Vulkan</Filter>
    </ClInclude>
    <ClInclude Include="RenderpassWrapper.h">
      <Filter>Vulkan\Wrappers</Filter>
    </ClInclude>
    <ClInclude Include="SwapchainWrapper.h">
      <Filter>Vulkan\Wrappers</Filter>
    </ClInclude>
    <ClInclude Include="ImageViewManager.h">
      <Filter>Vulkan\Managers</Filter>
    </ClInclude>
    <ClInclude Include="SyncObjectManager.h">
      <Filter>Vulkan\Managers</Filter>
    </ClInclude>
    <ClInclude Include="DirectionalLightObject.h">
      <Filter>DataTypes</Filter>
    </ClInclude>
    <ClInclude Include="VulkanIncludes.h">
      <Filter>Includes</Filter>
    </ClInclude>
    <ClInclude Include="VulkanUtils.h">
      <Filter>Vulkan</Filter>
    </ClInclude>
    <ClInclude Include="Window.h">
      <Filter>Engine</Filter>
    </ClInclude>
    <ClInclude Include="Camera.h">
      <Filter>DataTypes</Filter>
    </ClInclude>
    <ClInclude Include="CubeMapMaterial.h">
      <Filter>DataTypes\Materials</Filter>
    </ClInclude>
    <ClInclude Include="SkyBox.h">
      <Filter>DataTypes</Filter>
    </ClInclude>
    <ClInclude Include="GPUObject.h">
      <Filter>Vulkan\Wrappers</Filter>
    </ClInclude>
    <ClInclude Include="BufferManager.h">
      <Filter>Vulkan\Wrappers</Filter>
    </ClInclude>
  </ItemGroup>
</Project>