<?xml version="1.0" encoding="utf-8"?>
<Project ToolsVersion="4.0" xmlns="http://schemas.microsoft.com/developer/msbuild/2003">
  <ItemGroup>
    <Filter Include="Utils">
      <UniqueIdentifier>{3a27e938-8684-4cce-9d9b-0ff2ee97ab3a}</UniqueIdentifier>
    </Filter>
    <Filter Include="DataTypes">
      <UniqueIdentifier>{c997c762-336a-4031-a74c-253a3f1eaf8e}</UniqueIdentifier>
    </Filter>
    <Filter Include="Engine">
      <UniqueIdentifier>{ac6196b5-e229-4146-aa2a-8214ae3e0322}</UniqueIdentifier>
    </Filter>
    <Filter Include="ImGui">
      <UniqueIdentifier>{10122943-51ff-48e5-86a0-8c6e05b55233}</UniqueIdentifier>
    </Filter>
    <Filter Include="ImGui\Backends">
      <UniqueIdentifier>{2586ffb5-fbc9-4746-9b72-a80ccf33bedf}</UniqueIdentifier>
    </Filter>
    <Filter Include="DataTypes\Materials">
      <UniqueIdentifier>{d0104ec1-9ca2-40e5-bcb4-9c5c20e25661}</UniqueIdentifier>
    </Filter>
    <Filter Include="Vulkan">
      <UniqueIdentifier>{b0372c84-5682-47e9-b1a5-765fd75797de}</UniqueIdentifier>
    </Filter>
    <Filter Include="Includes">
      <UniqueIdentifier>{4aeb2f0b-2e4c-484a-a934-3ab2e74b9015}</UniqueIdentifier>
    </Filter>
    <Filter Include="Vulkan\Wrappers">
      <UniqueIdentifier>{45f80921-179a-4057-9e52-7dbfb2c7c0cc}</UniqueIdentifier>
    </Filter>
    <Filter Include="Vulkan\Managers">
      <UniqueIdentifier>{88998c34-3eed-4f5a-a373-22e7f0eada43}</UniqueIdentifier>
    </Filter>
    <Filter Include="spirV-reflect">
      <UniqueIdentifier>{275b52a0-e9e5-49fe-baaf-5f56a994c023}</UniqueIdentifier>
    </Filter>
    <Filter Include="DataTypes\DescriptorObjects">
      <UniqueIdentifier>{c78643c2-69de-45f2-8cf9-6283a5c1ae99}</UniqueIdentifier>
    </Filter>
    <Filter Include="DataTypes\RenderClasses">
      <UniqueIdentifier>{38715e58-506a-499c-9b48-37e9912a2162}</UniqueIdentifier>
    </Filter>
    <Filter Include="Vulkan\Renderers">
      <UniqueIdentifier>{1077e171-a646-4cbc-bcc5-21c929cf9a75}</UniqueIdentifier>
    </Filter>
  </ItemGroup>
  <ItemGroup>
    <ClCompile Include="..\3rdParty\Imgui\backends\imgui_impl_glfw.cpp">
      <Filter>ImGui\Backends</Filter>
    </ClCompile>
    <ClCompile Include="..\3rdParty\Imgui\backends\imgui_impl_vulkan.cpp">
      <Filter>ImGui\Backends</Filter>
    </ClCompile>
    <ClCompile Include="..\3rdParty\Imgui\imgui.cpp">
      <Filter>ImGui</Filter>
    </ClCompile>
    <ClCompile Include="..\3rdParty\Imgui\imgui_demo.cpp">
      <Filter>ImGui</Filter>
    </ClCompile>
    <ClCompile Include="..\3rdParty\Imgui\imgui_draw.cpp">
      <Filter>ImGui</Filter>
    </ClCompile>
    <ClCompile Include="..\3rdParty\Imgui\imgui_tables.cpp">
      <Filter>ImGui</Filter>
    </ClCompile>
    <ClCompile Include="..\3rdParty\Imgui\imgui_widgets.cpp">
      <Filter>ImGui</Filter>
    </ClCompile>
    <ClCompile Include="..\3rdParty\SpirV-reflect\spirv_reflect.c">
      <Filter>spirV-reflect</Filter>
    </ClCompile>
    <ClCompile Include="..\3rdParty\SpirV-reflect\spirv_reflect.cpp">
      <Filter>spirV-reflect</Filter>
    </ClCompile>
    <ClCompile Include="DataTypes\DescriptorObjects\TextureDescriptorObject.cpp" />
    <ClCompile Include="DataTypes\Materials\CubeMapMaterial.cpp" />
    <ClCompile Include="DataTypes\Materials\Material.cpp" />
    <ClCompile Include="DataTypes\Materials\ShadowMaterial.cpp" />
    <ClCompile Include="DataTypes\Materials\TexturedMaterial.cpp" />
    <ClCompile Include="DataTypes\RenderClasses\Mesh.cpp" />
    <ClCompile Include="DataTypes\RenderClasses\Model.cpp" />
    <ClCompile Include="DataTypes\RenderClasses\SkyBox.cpp" />
    <ClCompile Include="DataTypes\Camera.cpp" />
    <ClCompile Include="DataTypes\DirectionalLightObject.cpp" />
    <ClCompile Include="Engine\ConfigManager.cpp" />
    <ClCompile Include="Engine\D3DEngine.cpp" />
    <ClCompile Include="Engine\main.cpp" />
    <ClCompile Include="Engine\TimeManager.cpp" />
    <ClCompile Include="Engine\Window.cpp" />
    <ClCompile Include="Includes\STBIncludes.cpp" />
    <ClCompile Include="Includes\TinyObjLoaderIncludes.cpp" />
    <ClCompile Include="Utils\Utils.cpp" />
    <ClCompile Include="Vulkan\Managers\BufferManager.cpp" />
    <ClCompile Include="Vulkan\Managers\CommandpoolManager.cpp" />
    <ClCompile Include="Vulkan\Managers\ImageManager.cpp" />
    <ClCompile Include="Vulkan\Managers\ImageViewManager.cpp" />
    <ClCompile Include="Vulkan\Managers\PipelineManager.cpp" />
    <ClCompile Include="Vulkan\Managers\SyncObjectManager.cpp" />
    <ClCompile Include="Vulkan\Renderers\ShadowRenderer.cpp" />
    <ClCompile Include="Vulkan\Renderers\VulkanRenderer3D.cpp" />
    <ClCompile Include="Vulkan\Wrappers\DescriptorPoolWrapper.cpp" />
    <ClCompile Include="Vulkan\Wrappers\GPUObject.cpp" />
    <ClCompile Include="Vulkan\Wrappers\ImGuiWrapper.cpp" />
    <ClCompile Include="Vulkan\Wrappers\InstanceWrapper.cpp" />
    <ClCompile Include="Vulkan\Wrappers\PipelineWrapper.cpp" />
    <ClCompile Include="Vulkan\Wrappers\RenderpassWrapper.cpp" />
    <ClCompile Include="Vulkan\Wrappers\ShaderModuleWrapper.cpp" />
    <ClCompile Include="Vulkan\Wrappers\SurfaceWrapper.cpp" />
    <ClCompile Include="Vulkan\Wrappers\SwapchainWrapper.cpp" />
    <ClCompile Include="Vulkan\Wrappers\Viewport.cpp" />
    <ClCompile Include="Vulkan\VulkanUtils.cpp" />
  </ItemGroup>
  <ItemGroup>
    <ClInclude Include="..\3rdParty\Imgui\backends\imgui_impl_glfw.h">
      <Filter>ImGui\Backends</Filter>
    </ClInclude>
    <ClInclude Include="..\3rdParty\Imgui\backends\imgui_impl_vulkan.h">
      <Filter>ImGui\Backends</Filter>
    </ClInclude>
    <ClInclude Include="..\3rdParty\Imgui\imconfig.h">
      <Filter>ImGui</Filter>
    </ClInclude>
    <ClInclude Include="..\3rdParty\Imgui\imgui.h">
      <Filter>ImGui</Filter>
    </ClInclude>
    <ClInclude Include="..\3rdParty\Imgui\imgui_internal.h">
      <Filter>ImGui</Filter>
    </ClInclude>
    <ClInclude Include="..\3rdParty\Imgui\imstb_rectpack.h">
      <Filter>ImGui</Filter>
    </ClInclude>
    <ClInclude Include="..\3rdParty\Imgui\imstb_textedit.h">
      <Filter>ImGui</Filter>
    </ClInclude>
    <ClInclude Include="..\3rdParty\Imgui\imstb_truetype.h">
      <Filter>ImGui</Filter>
    </ClInclude>
    <ClInclude Include="..\3rdParty\SpirV-reflect\spirv_reflect.h">
      <Filter>spirV-reflect</Filter>
    </ClInclude>
    <ClInclude Include="..\3rdParty\SpirV-reflect\include\spirv\unified1\spirv.h">
      <Filter>spirV-reflect</Filter>
    </ClInclude>
    <ClInclude Include="Vulkan\VulkanUtils.h" />
    <ClInclude Include="DataTypes\DescriptorObjects\DescriptorObject.h" />
    <ClInclude Include="DataTypes\DescriptorObjects\TextureDescriptorObject.h" />
    <ClInclude Include="DataTypes\DescriptorObjects\UboDescriptorObject.h" />
    <ClInclude Include="DataTypes\Materials\CubeMapMaterial.h" />
    <ClInclude Include="DataTypes\Materials\Material.h" />
    <ClInclude Include="DataTypes\Materials\ShadowMaterial.h" />
    <ClInclude Include="DataTypes\Materials\TexturedMaterial.h" />
    <ClInclude Include="DataTypes\RenderClasses\Mesh.h" />
    <ClInclude Include="DataTypes\RenderClasses\Model.h" />
    <ClInclude Include="DataTypes\RenderClasses\SkyBox.h" />
    <ClInclude Include="DataTypes\Camera.h" />
    <ClInclude Include="DataTypes\DirectionalLightObject.h" />
    <ClInclude Include="DataTypes\Structs.h" />
    <ClInclude Include="Engine\ConfigManager.h" />
    <ClInclude Include="Engine\D3DEngine.h" />
    <ClInclude Include="Engine\Singleton.h" />
    <ClInclude Include="Engine\TimeManager.h" />
    <ClInclude Include="Engine\Window.h" />
    <ClInclude Include="Includes\GLFWIncludes.h" />
    <ClInclude Include="Includes\GLMIncludes.h" />
    <ClInclude Include="Includes\ImGuiIncludes.h" />
    <ClInclude Include="Includes\RapidJSONIncludes.h" />
    <ClInclude Include="Includes\STBIncludes.h" />
    <ClInclude Include="Includes\TinyObjLoaderIncludes.h" />
    <ClInclude Include="Includes\VulkanIncludes.h" />
    <ClInclude Include="Utils\Utils.h" />
    <ClInclude Include="Vulkan\Managers\BufferManager.h" />
    <ClInclude Include="Vulkan\Managers\CommandpoolManager.h" />
    <ClInclude Include="Vulkan\Managers\ImageManager.h" />
    <ClInclude Include="Vulkan\Managers\ImageViewManager.h" />
    <ClInclude Include="Vulkan\Managers\PipelineManager.h" />
    <ClInclude Include="Vulkan\Managers\SyncObjectManager.h" />
    <ClInclude Include="Vulkan\Renderers\ShadowRenderer.h" />
    <ClInclude Include="Vulkan\Renderers\VulkanRenderer3D.h" />
    <ClInclude Include="Vulkan\Wrappers\DescriptorPoolWrapper.h" />
    <ClInclude Include="Vulkan\Wrappers\GPUObject.h" />
    <ClInclude Include="Vulkan\Wrappers\ImGuiWrapper.h" />
    <ClInclude Include="Vulkan\Wrappers\InstanceWrapper.h" />
    <ClInclude Include="Vulkan\Wrappers\PipelineWrapper.h" />
    <ClInclude Include="Vulkan\Wrappers\RenderpassWrapper.h" />
    <ClInclude Include="Vulkan\Wrappers\ShaderModuleWrapper.h" />
    <ClInclude Include="Vulkan\Wrappers\SurfaceWrapper.h" />
    <ClInclude Include="Vulkan\Wrappers\SwapchainWrapper.h" />
    <ClInclude Include="Vulkan\Wrappers\Viewport.h" />
  </ItemGroup>
</Project>