<?xml version="1.0" encoding="utf-8"?>
<Project ToolsVersion="4.0" xmlns="http://schemas.microsoft.com/developer/msbuild/2003">
  <ItemGroup>
    <Filter Include="Source Files">
      <UniqueIdentifier>{4FC737F1-C7A5-4376-A066-2A32D752A2FF}</UniqueIdentifier>
      <Extensions>cpp;c;cc;cxx;c++;cppm;ixx;def;odl;idl;hpj;bat;asm;asmx</Extensions>
    </Filter>
    <Filter Include="Engine Files">
      <UniqueIdentifier>{e14a06bc-693c-44f8-90b3-085690a1a68d}</UniqueIdentifier>
    </Filter>
    <Filter Include="Vulkan">
      <UniqueIdentifier>{15c6a596-cfed-45c6-95d7-f1f3cdfc90d1}</UniqueIdentifier>
    </Filter>
    <Filter Include="Includes">
      <UniqueIdentifier>{3036a9c4-221e-4a72-a5f3-15b2a11d9b41}</UniqueIdentifier>
    </Filter>
    <Filter Include="Vulkan\Wrappers">
      <UniqueIdentifier>{1c95d9e8-f0d7-46a2-aefb-c8fcd633c856}</UniqueIdentifier>
    </Filter>
  </ItemGroup>
  <ItemGroup>
    <ClInclude Include="Vulkan\Wrappers\GPUObject.h">
      <Filter>Vulkan\Wrappers</Filter>
    </ClInclude>
    <ClInclude Include="Vulkan\Wrappers\InstanceWrapper.h">
      <Filter>Vulkan\Wrappers</Filter>
    </ClInclude>
    <ClInclude Include="Vulkan\VulkanRenderer2D.h">
      <Filter>Vulkan</Filter>
    </ClInclude>
    <ClInclude Include="Includes\GLFWIncludes.h">
      <Filter>Includes</Filter>
    </ClInclude>
    <ClInclude Include="Includes\GLMIncludes.h">
      <Filter>Includes</Filter>
    </ClInclude>
    <ClInclude Include="Includes\STBIncludes.h">
      <Filter>Includes</Filter>
    </ClInclude>
    <ClInclude Include="Includes\VulkanIncludes.h">
      <Filter>Includes</Filter>
    </ClInclude>
    <ClInclude Include="Includes\ImGuiIncludes.h">
      <Filter>Includes</Filter>
    </ClInclude>
    <ClInclude Include="Includes\RapidJSONIncludes.h">
      <Filter>Includes</Filter>
    </ClInclude>
    <ClInclude Include="Engine Files\ConfigManager.h">
      <Filter>Engine Files</Filter>
    </ClInclude>
    <ClInclude Include="Engine Files\D2DEngine.h">
      <Filter>Engine Files</Filter>
    </ClInclude>
    <ClInclude Include="Engine Files\Singleton.h">
      <Filter>Engine Files</Filter>
    </ClInclude>
    <ClInclude Include="Engine Files\Window.h">
      <Filter>Engine Files</Filter>
    </ClInclude>
  </ItemGroup>
  <ItemGroup>
    <ClCompile Include="Engine Files\Window.cpp">
      <Filter>Engine Files</Filter>
    </ClCompile>
    <ClCompile Include="Engine Files\ConfigManager.cpp">
      <Filter>Engine Files</Filter>
    </ClCompile>
    <ClCompile Include="Engine Files\D2DEngine.cpp">
      <Filter>Engine Files</Filter>
    </ClCompile>
    <ClCompile Include="Engine Files\main.cpp">
      <Filter>Engine Files</Filter>
    </ClCompile>
    <ClCompile Include="Vulkan\Wrappers\GPUObject.cpp">
      <Filter>Vulkan\Wrappers</Filter>
    </ClCompile>
    <ClCompile Include="Vulkan\Wrappers\InstanceWrapper.cpp">
      <Filter>Vulkan\Wrappers</Filter>
    </ClCompile>
    <ClCompile Include="Vulkan\VulkanRenderer2D.cpp">
      <Filter>Vulkan</Filter>
    </ClCompile>
    <ClCompile Include="Includes\STBIncludes.cpp">
      <Filter>Includes</Filter>
    </ClCompile>
  </ItemGroup>
</Project>