<?xml version="1.0" encoding="utf-8"?>
<Project ToolsVersion="4.0" xmlns="http://schemas.microsoft.com/developer/msbuild/2003">
  <ItemGroup>
    <Filter Include="Source Files">
      <UniqueIdentifier>{4FC737F1-C7A5-4376-A066-2A32D752A2FF}</UniqueIdentifier>
      <Extensions>cpp;c;cc;cxx;c++;cppm;ixx;def;odl;idl;hpj;bat;asm;asmx</Extensions>
    </Filter>
    <Filter Include="Engine Files">
      <UniqueIdentifier>{e14a06bc-693c-44f8-90b3-085690a1a68d}</UniqueIdentifier>
    </Filter>
    <Filter Include="Vulkan">
      <UniqueIdentifier>{15c6a596-cfed-45c6-95d7-f1f3cdfc90d1}</UniqueIdentifier>
    </Filter>
    <Filter Include="Includes">
      <UniqueIdentifier>{3036a9c4-221e-4a72-a5f3-15b2a11d9b41}</UniqueIdentifier>
    </Filter>
  </ItemGroup>
  <ItemGroup>
    <ClCompile Include="main.cpp">
      <Filter>Source Files</Filter>
    </ClCompile>
    <ClCompile Include="VulkanRenderer2D.cpp">
      <Filter>Vulkan</Filter>
    </ClCompile>
    <ClCompile Include="ConfigManager.cpp">
      <Filter>Engine Files</Filter>
    </ClCompile>
    <ClCompile Include="STBIncludes.cpp">
      <Filter>Includes</Filter>
    </ClCompile>
  </ItemGroup>
  <ItemGroup>
    <ClInclude Include="Singleton.h">
      <Filter>Engine Files</Filter>
    </ClInclude>
    <ClInclude Include="VulkanRenderer2D.h">
      <Filter>Vulkan</Filter>
    </ClInclude>
    <ClInclude Include="ConfigManager.h">
      <Filter>Engine Files</Filter>
    </ClInclude>
    <ClInclude Include="RapidJSONIncludes.h">
      <Filter>Includes</Filter>
    </ClInclude>
    <ClInclude Include="VulkanIncludes.h">
      <Filter>Includes</Filter>
    </ClInclude>
    <ClInclude Include="GLFWIncludes.h">
      <Filter>Includes</Filter>
    </ClInclude>
    <ClInclude Include="GLMIncludes.h">
      <Filter>Includes</Filter>
    </ClInclude>
    <ClInclude Include="ImGuiIncludes.h">
      <Filter>Includes</Filter>
    </ClInclude>
    <ClInclude Include="STBIncludes.h">
      <Filter>Includes</Filter>
    </ClInclude>
  </ItemGroup>
</Project>