<?xml version="1.0" encoding="utf-8"?>
<Project ToolsVersion="4.0" xmlns="http://schemas.microsoft.com/developer/msbuild/2003">
  <ItemGroup>
    <Filter Include="Source Files">
      <UniqueIdentifier>{4FC737F1-C7A5-4376-A066-2A32D752A2FF}</UniqueIdentifier>
      <Extensions>cpp;c;cc;cxx;c++;cppm;ixx;def;odl;idl;hpj;bat;asm;asmx</Extensions>
    </Filter>
    <Filter Include="Header Files">
      <UniqueIdentifier>{93995380-89BD-4b04-88EB-625FBE52EBFB}</UniqueIdentifier>
      <Extensions>h;hh;hpp;hxx;h++;hm;inl;inc;ipp;xsd</Extensions>
    </Filter>
    <Filter Include="Resource Files">
      <UniqueIdentifier>{67DA6AB6-F800-4c08-8B7A-83BB121AAD01}</UniqueIdentifier>
      <Extensions>rc;ico;cur;bmp;dlg;rc2;rct;bin;rgs;gif;jpg;jpeg;jpe;resx;tiff;tif;png;wav;mfcribbon-ms</Extensions>
    </Filter>
    <Filter Include="Application">
      <UniqueIdentifier>{2be7acef-5a5e-4651-aff6-a63ec4bbed58}</UniqueIdentifier>
    </Filter>
    <Filter Include="Utils">
      <UniqueIdentifier>{3a27e938-8684-4cce-9d9b-0ff2ee97ab3a}</UniqueIdentifier>
    </Filter>
    <Filter Include="DataTypes">
      <UniqueIdentifier>{c997c762-336a-4031-a74c-253a3f1eaf8e}</UniqueIdentifier>
    </Filter>
    <Filter Include="ServiceLocator">
      <UniqueIdentifier>{c7cdca10-c543-43a7-9aa2-c08897597ac8}</UniqueIdentifier>
    </Filter>
    <Filter Include="ServiceLocator\Renderer">
      <UniqueIdentifier>{52c70d2a-2ed9-40a2-8edb-eafb755e119a}</UniqueIdentifier>
    </Filter>
    <Filter Include="Engine">
      <UniqueIdentifier>{ac6196b5-e229-4146-aa2a-8214ae3e0322}</UniqueIdentifier>
    </Filter>
  </ItemGroup>
  <ItemGroup>
    <ClCompile Include="main.cpp">
      <Filter>Source Files</Filter>
    </ClCompile>
    <ClCompile Include="Application.cpp">
      <Filter>Application</Filter>
    </ClCompile>
    <ClCompile Include="Utils.cpp">
      <Filter>Utils</Filter>
    </ClCompile>
    <ClCompile Include="ServiceLocator.cpp">
      <Filter>ServiceLocator</Filter>
    </ClCompile>
    <ClCompile Include="VulkanRenderer.cpp">
      <Filter>ServiceLocator\Renderer</Filter>
    </ClCompile>
    <ClCompile Include="D3DEngine.cpp">
      <Filter>Engine</Filter>
    </ClCompile>
  </ItemGroup>
  <ItemGroup>
    <ClInclude Include="stdafx.h">
      <Filter>Header Files</Filter>
    </ClInclude>
    <ClInclude Include="Application.h">
      <Filter>Application</Filter>
    </ClInclude>
    <ClInclude Include="Utils.h">
      <Filter>Utils</Filter>
    </ClInclude>
    <ClInclude Include="Structs.h">
      <Filter>DataTypes</Filter>
    </ClInclude>
    <ClInclude Include="ServiceLocator.h">
      <Filter>ServiceLocator</Filter>
    </ClInclude>
    <ClInclude Include="Renderer.h">
      <Filter>ServiceLocator\Renderer</Filter>
    </ClInclude>
    <ClInclude Include="VulkanRenderer.h">
      <Filter>ServiceLocator\Renderer</Filter>
    </ClInclude>
    <ClInclude Include="D3DEngine.h">
      <Filter>Engine</Filter>
    </ClInclude>
  </ItemGroup>
</Project>